
Microsoft Visual Studio Solution File, Format Version 12.00
# Visual Studio Version 17
VisualStudioVersion = 17.13.35919.96 d17.13
MinimumVisualStudioVersion = 10.0.40219.1
Project("{FAE04EC0-301F-11D3-BF4B-00C04F79EFBC}") = "Assignment 7.1.2", "Assignment 7.1.2.csproj", "{919EC0C0-5924-4170-BE45-6F86D659B469}"
EndProject
Global
	GlobalSection(SolutionConfigurationPlatforms) = preSolution
		Debug|Any CPU = Debug|Any CPU
		Release|Any CPU = Release|Any CPU
	EndGlobalSection
	GlobalSection(ProjectConfigurationPlatforms) = postSolution
		{919EC0C0-5924-4170-BE45-6F86D659B469}.Debug|Any CPU.ActiveCfg = Debug|Any CPU
		{919EC0C0-5924-4170-BE45-6F86D659B469}.Debug|Any CPU.Build.0 = Debug|Any CPU
		{919EC0C0-5924-4170-BE45-6F86D659B469}.Release|Any CPU.ActiveCfg = Release|Any CPU
		{919EC0C0-5924-4170-BE45-6F86D659B469}.Release|Any CPU.Build.0 = Release|Any CPU
	EndGlobalSection
	GlobalSection(SolutionProperties) = preSolution
		HideSolutionNode = FALSE
	EndGlobalSection
	GlobalSection(ExtensibilityGlobals) = postSolution
		SolutionGuid = {EDEDCE8C-41A4-4953-8BBB-90EDF454C5DB}
	EndGlobalSection
EndGlobal
